
Microsoft Visual Studio Solution File, Format Version 12.00
# Visual Studio Version 16
VisualStudioVersion = 16.0.29509.3
MinimumVisualStudioVersion = 10.0.40219.1
Project("{FAE04EC0-301F-11D3-BF4B-00C04F79EFBC}") = "TA72", "TA72\TA72.csproj", "{B6511904-0B4D-4A60-83B7-450D039A2B20}"
EndProject
Global
	GlobalSection(SolutionConfigurationPlatforms) = preSolution
		Debug|Any CPU = Debug|Any CPU
		Release|Any CPU = Release|Any CPU
	EndGlobalSection
	GlobalSection(ProjectConfigurationPlatforms) = postSolution
		{B6511904-0B4D-4A60-83B7-450D039A2B20}.Debug|Any CPU.ActiveCfg = Debug|Any CPU
		{B6511904-0B4D-4A60-83B7-450D039A2B20}.Debug|Any CPU.Build.0 = Debug|Any CPU
		{B6511904-0B4D-4A60-83B7-450D039A2B20}.Release|Any CPU.ActiveCfg = Release|Any CPU
		{B6511904-0B4D-4A60-83B7-450D039A2B20}.Release|Any CPU.Build.0 = Release|Any CPU
	EndGlobalSection
	GlobalSection(SolutionProperties) = preSolution
		HideSolutionNode = FALSE
	EndGlobalSection
	GlobalSection(ExtensibilityGlobals) = postSolution
		SolutionGuid = {6CBEEF00-AC63-49C1-87C2-B16BCAA1BE24}
	EndGlobalSection
EndGlobal
